
Microsoft Visual Studio Solution File, Format Version 12.00
# Visual Studio Version 16
VisualStudioVersion = 16.0.32228.343
MinimumVisualStudioVersion = 10.0.40219.1
Project("{FAE04EC0-301F-11D3-BF4B-00C04F79EFBC}") = "McDonaldWebApp", "McDonaldWebApp.csproj", "{D7FE93C9-DFE7-436D-AD0E-2555022DEB49}"
EndProject
Global
	GlobalSection(SolutionConfigurationPlatforms) = preSolution
		Debug|Any CPU = Debug|Any CPU
		Release|Any CPU = Release|Any CPU
	EndGlobalSection
	GlobalSection(ProjectConfigurationPlatforms) = postSolution
		{D7FE93C9-DFE7-436D-AD0E-2555022DEB49}.Debug|Any CPU.ActiveCfg = Debug|Any CPU
		{D7FE93C9-DFE7-436D-AD0E-2555022DEB49}.Debug|Any CPU.Build.0 = Debug|Any CPU
		{D7FE93C9-DFE7-436D-AD0E-2555022DEB49}.Release|Any CPU.ActiveCfg = Release|Any CPU
		{D7FE93C9-DFE7-436D-AD0E-2555022DEB49}.Release|Any CPU.Build.0 = Release|Any CPU
	EndGlobalSection
	GlobalSection(SolutionProperties) = preSolution
		HideSolutionNode = FALSE
	EndGlobalSection
	GlobalSection(ExtensibilityGlobals) = postSolution
		SolutionGuid = {5D711B25-3C20-4DAC-96F0-60EE47ED1775}
	EndGlobalSection
EndGlobal
